
Microsoft Visual Studio Solution File, Format Version 12.00
# Visual Studio Version 17
VisualStudioVersion = 17.10.35027.167
MinimumVisualStudioVersion = 10.0.40219.1
Project("{FAE04EC0-301F-11D3-BF4B-00C04F79EFBC}") = "AdventOfCode", "AdventOfCode.csproj", "{7BD370BC-A922-4486-A43B-8499B2E02661}"
EndProject
Global
	GlobalSection(SolutionConfigurationPlatforms) = preSolution
		Debug|Any CPU = Debug|Any CPU
		Release|Any CPU = Release|Any CPU
	EndGlobalSection
	GlobalSection(ProjectConfigurationPlatforms) = postSolution
		{7BD370BC-A922-4486-A43B-8499B2E02661}.Debug|Any CPU.ActiveCfg = Debug|Any CPU
		{7BD370BC-A922-4486-A43B-8499B2E02661}.Debug|Any CPU.Build.0 = Debug|Any CPU
		{7BD370BC-A922-4486-A43B-8499B2E02661}.Release|Any CPU.ActiveCfg = Release|Any CPU
		{7BD370BC-A922-4486-A43B-8499B2E02661}.Release|Any CPU.Build.0 = Release|Any CPU
	EndGlobalSection
	GlobalSection(SolutionProperties) = preSolution
		HideSolutionNode = FALSE
	EndGlobalSection
	GlobalSection(ExtensibilityGlobals) = postSolution
		SolutionGuid = {40325DA2-48DA-4581-8D08-455B0F2996F1}
	EndGlobalSection
EndGlobal
